Microsoft Visual Studio Solution File, Format Version 12.00
# Visual Studio Version 17
VisualStudioVersion = 17.5.2.0
MinimumVisualStudioVersion = 10.0.40219.1
Project("{FAE04EC0-301F-11D3-BF4B-00C04F79EFBC}") = "TP06_Hevia_Ku", "TP06_Hevia_Ku.csproj", "{9C03DC46-E0DF-F445-E4FB-963B61E7DCD1}"
EndProject
Global
	GlobalSection(SolutionConfigurationPlatforms) = preSolution
		Debug|Any CPU = Debug|Any CPU
		Release|Any CPU = Release|Any CPU
	EndGlobalSection
	GlobalSection(ProjectConfigurationPlatforms) = postSolution
		{9C03DC46-E0DF-F445-E4FB-963B61E7DCD1}.Debug|Any CPU.ActiveCfg = Debug|Any CPU
		{9C03DC46-E0DF-F445-E4FB-963B61E7DCD1}.Debug|Any CPU.Build.0 = Debug|Any CPU
		{9C03DC46-E0DF-F445-E4FB-963B61E7DCD1}.Release|Any CPU.ActiveCfg = Release|Any CPU
		{9C03DC46-E0DF-F445-E4FB-963B61E7DCD1}.Release|Any CPU.Build.0 = Release|Any CPU
	EndGlobalSection
	GlobalSection(SolutionProperties) = preSolution
		HideSolutionNode = FALSE
	EndGlobalSection
	GlobalSection(ExtensibilityGlobals) = postSolution
		SolutionGuid = {BA7319CE-D54B-4F9E-9828-D183EEF1DC8F}
	EndGlobalSection
EndGlobal
